
Microsoft Visual Studio Solution File, Format Version 12.00
# Visual Studio Version 18
VisualStudioVersion = 18.3.11520.95
MinimumVisualStudioVersion = 10.0.40219.1
Project("{FAE04EC0-301F-11D3-BF4B-00C04F79EFBC}") = "Server", "Server\Server.csproj", "{F3B77D16-B94A-41A0-9367-75347FA55EB9}"
EndProject
Project("{2150E333-8FDC-42A3-9474-1A3956D46DE8}") = "host", "host", "{7226ABEA-787E-1D09-10EA-A2ECF996D6A6}"
EndProject
Project("{FAE04EC0-301F-11D3-BF4B-00C04F79EFBC}") = "Plugin", "host\plugin\Plugin.csproj", "{565D55C8-7DF8-40E9-AA23-0546471FDE33}"
EndProject
Project("{FAE04EC0-301F-11D3-BF4B-00C04F79EFBC}") = "Service", "host\service\Service.csproj", "{84330500-5BFC-4036-B114-7E3548B5041E}"
EndProject
Project("{2150E333-8FDC-42A3-9474-1A3956D46DE8}") = "Common", "Common", "{881589EE-639B-0A35-DBCE-5D94E4FC90C0}"
EndProject
Project("{FAE04EC0-301F-11D3-BF4B-00C04F79EFBC}") = "Utility", "Common\Utility\Utility.csproj", "{79752499-45B7-451F-BF6E-6D16B1F4426C}"
EndProject
Project("{2150E333-8FDC-42A3-9474-1A3956D46DE8}") = "IPC", "IPC", "{458F2F70-D98A-4E62-9E4F-9DA90D7C9C32}"
EndProject
Project("{FAE04EC0-301F-11D3-BF4B-00C04F79EFBC}") = "Factory", "host\IPC\Factory\Factory.csproj", "{69A3ABD9-7189-4F24-A6AC-548F8F159474}"
EndProject
Project("{FAE04EC0-301F-11D3-BF4B-00C04F79EFBC}") = "Interface", "host\IPC\Interface\Interface.csproj", "{DB9CFCB8-47D4-415A-BE2E-F420A7413C2B}"
EndProject
Project("{FAE04EC0-301F-11D3-BF4B-00C04F79EFBC}") = "Logic", "host\IPC\Logic\Logic.csproj", "{62907E04-EAA1-438F-819C-7232D9507CCE}"
EndProject
Global
	GlobalSection(SolutionConfigurationPlatforms) = preSolution
		Debug|Any CPU = Debug|Any CPU
		Debug|x64 = Debug|x64
		Debug|x86 = Debug|x86
		Release|Any CPU = Release|Any CPU
		Release|x64 = Release|x64
		Release|x86 = Release|x86
	EndGlobalSection
	GlobalSection(ProjectConfigurationPlatforms) = postSolution
		{F3B77D16-B94A-41A0-9367-75347FA55EB9}.Debug|Any CPU.ActiveCfg = Debug|Any CPU
		{F3B77D16-B94A-41A0-9367-75347FA55EB9}.Debug|Any CPU.Build.0 = Debug|Any CPU
		{F3B77D16-B94A-41A0-9367-75347FA55EB9}.Debug|x64.ActiveCfg = Debug|Any CPU
		{F3B77D16-B94A-41A0-9367-75347FA55EB9}.Debug|x64.Build.0 = Debug|Any CPU
		{F3B77D16-B94A-41A0-9367-75347FA55EB9}.Debug|x86.ActiveCfg = Debug|Any CPU
		{F3B77D16-B94A-41A0-9367-75347FA55EB9}.Debug|x86.Build.0 = Debug|Any CPU
		{F3B77D16-B94A-41A0-9367-75347FA55EB9}.Release|Any CPU.ActiveCfg = Release|Any CPU
		{F3B77D16-B94A-41A0-9367-75347FA55EB9}.Release|Any CPU.Build.0 = Release|Any CPU
		{F3B77D16-B94A-41A0-9367-75347FA55EB9}.Release|x64.ActiveCfg = Release|Any CPU
		{F3B77D16-B94A-41A0-9367-75347FA55EB9}.Release|x64.Build.0 = Release|Any CPU
		{F3B77D16-B94A-41A0-9367-75347FA55EB9}.Release|x86.ActiveCfg = Release|Any CPU
		{F3B77D16-B94A-41A0-9367-75347FA55EB9}.Release|x86.Build.0 = Release|Any CPU
		{565D55C8-7DF8-40E9-AA23-0546471FDE33}.Debug|Any CPU.ActiveCfg = Debug|Any CPU
		{565D55C8-7DF8-40E9-AA23-0546471FDE33}.Debug|Any CPU.Build.0 = Debug|Any CPU
		{565D55C8-7DF8-40E9-AA23-0546471FDE33}.Debug|x64.ActiveCfg = Debug|Any CPU
		{565D55C8-7DF8-40E9-AA23-0546471FDE33}.Debug|x64.Build.0 = Debug|Any CPU
		{565D55C8-7DF8-40E9-AA23-0546471FDE33}.Debug|x86.ActiveCfg = Debug|Any CPU
		{565D55C8-7DF8-40E9-AA23-0546471FDE33}.Debug|x86.Build.0 = Debug|Any CPU
		{565D55C8-7DF8-40E9-AA23-0546471FDE33}.Release|Any CPU.ActiveCfg = Release|Any CPU
		{565D55C8-7DF8-40E9-AA23-0546471FDE33}.Release|Any CPU.Build.0 = Release|Any CPU
		{565D55C8-7DF8-40E9-AA23-0546471FDE33}.Release|x64.ActiveCfg = Release|Any CPU
		{565D55C8-7DF8-40E9-AA23-0546471FDE33}.Release|x64.Build.0 = Release|Any CPU
		{565D55C8-7DF8-40E9-AA23-0546471FDE33}.Release|x86.ActiveCfg = Release|Any CPU
		{565D55C8-7DF8-40E9-AA23-0546471FDE33}.Release|x86.Build.0 = Release|Any CPU
		{84330500-5BFC-4036-B114-7E3548B5041E}.Debug|Any CPU.ActiveCfg = Debug|Any CPU
		{84330500-5BFC-4036-B114-7E3548B5041E}.Debug|Any CPU.Build.0 = Debug|Any CPU
		{84330500-5BFC-4036-B114-7E3548B5041E}.Debug|x64.ActiveCfg = Debug|Any CPU
		{84330500-5BFC-4036-B114-7E3548B5041E}.Debug|x64.Build.0 = Debug|Any CPU
		{84330500-5BFC-4036-B114-7E3548B5041E}.Debug|x86.ActiveCfg = Debug|Any CPU
		{84330500-5BFC-4036-B114-7E3548B5041E}.Debug|x86.Build.0 = Debug|Any CPU
		{84330500-5BFC-4036-B114-7E3548B5041E}.Release|Any CPU.ActiveCfg = Release|Any CPU
		{84330500-5BFC-4036-B114-7E3548B5041E}.Release|Any CPU.Build.0 = Release|Any CPU
		{84330500-5BFC-4036-B114-7E3548B5041E}.Release|x64.ActiveCfg = Release|Any CPU
		{84330500-5BFC-4036-B114-7E3548B5041E}.Release|x64.Build.0 = Release|Any CPU
		{84330500-5BFC-4036-B114-7E3548B5041E}.Release|x86.ActiveCfg = Release|Any CPU
		{84330500-5BFC-4036-B114-7E3548B5041E}.Release|x86.Build.0 = Release|Any CPU
		{79752499-45B7-451F-BF6E-6D16B1F4426C}.Debug|Any CPU.ActiveCfg = Debug|Any CPU
		{79752499-45B7-451F-BF6E-6D16B1F4426C}.Debug|Any CPU.Build.0 = Debug|Any CPU
		{79752499-45B7-451F-BF6E-6D16B1F4426C}.Debug|x64.ActiveCfg = Debug|Any CPU
		{79752499-45B7-451F-BF6E-6D16B1F4426C}.Debug|x64.Build.0 = Debug|Any CPU
		{79752499-45B7-451F-BF6E-6D16B1F4426C}.Debug|x86.ActiveCfg = Debug|Any CPU
		{79752499-45B7-451F-BF6E-6D16B1F4426C}.Debug|x86.Build.0 = Debug|Any CPU
		{79752499-45B7-451F-BF6E-6D16B1F4426C}.Release|Any CPU.ActiveCfg = Release|Any CPU
		{79752499-45B7-451F-BF6E-6D16B1F4426C}.Release|Any CPU.Build.0 = Release|Any CPU
		{79752499-45B7-451F-BF6E-6D16B1F4426C}.Release|x64.ActiveCfg = Release|Any CPU
		{79752499-45B7-451F-BF6E-6D16B1F4426C}.Release|x64.Build.0 = Release|Any CPU
		{79752499-45B7-451F-BF6E-6D16B1F4426C}.Release|x86.ActiveCfg = Release|Any CPU
		{79752499-45B7-451F-BF6E-6D16B1F4426C}.Release|x86.Build.0 = Release|Any CPU
		{69A3ABD9-7189-4F24-A6AC-548F8F159474}.Debug|Any CPU.ActiveCfg = Debug|Any CPU
		{69A3ABD9-7189-4F24-A6AC-548F8F159474}.Debug|Any CPU.Build.0 = Debug|Any CPU
		{69A3ABD9-7189-4F24-A6AC-548F8F159474}.Debug|x64.ActiveCfg = Debug|Any CPU
		{69A3ABD9-7189-4F24-A6AC-548F8F159474}.Debug|x64.Build.0 = Debug|Any CPU
		{69A3ABD9-7189-4F24-A6AC-548F8F159474}.Debug|x86.ActiveCfg = Debug|Any CPU
		{69A3ABD9-7189-4F24-A6AC-548F8F159474}.Debug|x86.Build.0 = Debug|Any CPU
		{69A3ABD9-7189-4F24-A6AC-548F8F159474}.Release|Any CPU.ActiveCfg = Release|Any CPU
		{69A3ABD9-7189-4F24-A6AC-548F8F159474}.Release|Any CPU.Build.0 = Release|Any CPU
		{69A3ABD9-7189-4F24-A6AC-548F8F159474}.Release|x64.ActiveCfg = Release|Any CPU
		{69A3ABD9-7189-4F24-A6AC-548F8F159474}.Release|x64.Build.0 = Release|Any CPU
		{69A3ABD9-7189-4F24-A6AC-548F8F159474}.Release|x86.ActiveCfg = Release|Any CPU
		{69A3ABD9-7189-4F24-A6AC-548F8F159474}.Release|x86.Build.0 = Release|Any CPU
		{DB9CFCB8-47D4-415A-BE2E-F420A7413C2B}.Debug|Any CPU.ActiveCfg = Debug|Any CPU
		{DB9CFCB8-47D4-415A-BE2E-F420A7413C2B}.Debug|Any CPU.Build.0 = Debug|Any CPU
		{DB9CFCB8-47D4-415A-BE2E-F420A7413C2B}.Debug|x64.ActiveCfg = Debug|Any CPU
		{DB9CFCB8-47D4-415A-BE2E-F420A7413C2B}.Debug|x64.Build.0 = Debug|Any CPU
		{DB9CFCB8-47D4-415A-BE2E-F420A7413C2B}.Debug|x86.ActiveCfg = Debug|Any CPU
		{DB9CFCB8-47D4-415A-BE2E-F420A7413C2B}.Debug|x86.Build.0 = Debug|Any CPU
		{DB9CFCB8-47D4-415A-BE2E-F420A7413C2B}.Release|Any CPU.ActiveCfg = Release|Any CPU
		{DB9CFCB8-47D4-415A-BE2E-F420A7413C2B}.Release|Any CPU.Build.0 = Release|Any CPU
		{DB9CFCB8-47D4-415A-BE2E-F420A7413C2B}.Release|x64.ActiveCfg = Release|Any CPU
		{DB9CFCB8-47D4-415A-BE2E-F420A7413C2B}.Release|x64.Build.0 = Release|Any CPU
		{DB9CFCB8-47D4-415A-BE2E-F420A7413C2B}.Release|x86.ActiveCfg = Release|Any CPU
		{DB9CFCB8-47D4-415A-BE2E-F420A7413C2B}.Release|x86.Build.0 = Release|Any CPU
		{62907E04-EAA1-438F-819C-7232D9507CCE}.Debug|Any CPU.ActiveCfg = Debug|Any CPU
		{62907E04-EAA1-438F-819C-7232D9507CCE}.Debug|Any CPU.Build.0 = Debug|Any CPU
		{62907E04-EAA1-438F-819C-7232D9507CCE}.Debug|x64.ActiveCfg = Debug|Any CPU
		{62907E04-EAA1-438F-819C-7232D9507CCE}.Debug|x64.Build.0 = Debug|Any CPU
		{62907E04-EAA1-438F-819C-7232D9507CCE}.Debug|x86.ActiveCfg = Debug|Any CPU
		{62907E04-EAA1-438F-819C-7232D9507CCE}.Debug|x86.Build.0 = Debug|Any CPU
		{62907E04-EAA1-438F-819C-7232D9507CCE}.Release|Any CPU.ActiveCfg = Release|Any CPU
		{62907E04-EAA1-438F-819C-7232D9507CCE}.Release|Any CPU.Build.0 = Release|Any CPU
		{62907E04-EAA1-438F-819C-7232D9507CCE}.Release|x64.ActiveCfg = Release|Any CPU
		{62907E04-EAA1-438F-819C-7232D9507CCE}.Release|x64.Build.0 = Release|Any CPU
		{62907E04-EAA1-438F-819C-7232D9507CCE}.Release|x86.ActiveCfg = Release|Any CPU
		{62907E04-EAA1-438F-819C-7232D9507CCE}.Release|x86.Build.0 = Release|Any CPU
	EndGlobalSection
	GlobalSection(SolutionProperties) = preSolution
		HideSolutionNode = FALSE
	EndGlobalSection
	GlobalSection(NestedProjects) = preSolution
		{565D55C8-7DF8-40E9-AA23-0546471FDE33} = {7226ABEA-787E-1D09-10EA-A2ECF996D6A6}
		{84330500-5BFC-4036-B114-7E3548B5041E} = {7226ABEA-787E-1D09-10EA-A2ECF996D6A6}
		{79752499-45B7-451F-BF6E-6D16B1F4426C} = {881589EE-639B-0A35-DBCE-5D94E4FC90C0}
		{458F2F70-D98A-4E62-9E4F-9DA90D7C9C32} = {7226ABEA-787E-1D09-10EA-A2ECF996D6A6}
		{69A3ABD9-7189-4F24-A6AC-548F8F159474} = {458F2F70-D98A-4E62-9E4F-9DA90D7C9C32}
		{DB9CFCB8-47D4-415A-BE2E-F420A7413C2B} = {458F2F70-D98A-4E62-9E4F-9DA90D7C9C32}
		{62907E04-EAA1-438F-819C-7232D9507CCE} = {458F2F70-D98A-4E62-9E4F-9DA90D7C9C32}
	EndGlobalSection
	GlobalSection(ExtensibilityGlobals) = postSolution
		SolutionGuid = {3303C70E-CC6C-40B5-BB01-162ADE491788}
	EndGlobalSection
EndGlobal
