
Microsoft Visual Studio Solution File, Format Version 12.00
# Visual Studio Version 17
VisualStudioVersion = 17.0.31903.59
MinimumVisualStudioVersion = 10.0.40219.1
Project("{FAE04EC0-301F-11D3-BF4B-00C04F79EFBC}") = "Server", "Server\Server.csproj", "{F3B77D16-B94A-41A0-9367-75347FA55EB9}"
EndProject
Project("{2150E333-8FDC-42A3-9474-1A3956D46DE8}") = "host", "host", "{7226ABEA-787E-1D09-10EA-A2ECF996D6A6}"
EndProject
Project("{2150E333-8FDC-42A3-9474-1A3956D46DE8}") = "plugin", "plugin", "{5AC54C48-50A0-15AE-14D6-55097B60C0E3}"
EndProject
Project("{FAE04EC0-301F-11D3-BF4B-00C04F79EFBC}") = "HostPlugin", "host\plugin\HostPlugin.csproj", "{565D55C8-7DF8-40E9-AA23-0546471FDE33}"
EndProject
Project("{2150E333-8FDC-42A3-9474-1A3956D46DE8}") = "service", "service", "{33C8E382-1779-E947-0ABC-4D7F8F7F835B}"
EndProject
Project("{FAE04EC0-301F-11D3-BF4B-00C04F79EFBC}") = "HostService", "host\service\HostService.csproj", "{84330500-5BFC-4036-B114-7E3548B5041E}"
EndProject
Project("{2150E333-8FDC-42A3-9474-1A3956D46DE8}") = "Common", "Common", "{881589EE-639B-0A35-DBCE-5D94E4FC90C0}"
EndProject
Project("{FAE04EC0-301F-11D3-BF4B-00C04F79EFBC}") = "Utility.Core", "Common\Utility.Core\Utility.Core.csproj", "{79752499-45B7-451F-BF6E-6D16B1F4426C}"
EndProject
Project("{FAE04EC0-301F-11D3-BF4B-00C04F79EFBC}") = "Utility", "Common\Utility\Utility.csproj", "{04E1878E-816E-4426-BF5A-6D923A277297}"
EndProject
Project("{FAE04EC0-301F-11D3-BF4B-00C04F79EFBC}") = "DotNetCoreFeatures", "Common\DotNetCoreFeatures\DotNetCoreFeatures.csproj", "{CF46AD26-501F-46EA-A82D-566ABCDBB9E3}"
EndProject
Global
	GlobalSection(SolutionConfigurationPlatforms) = preSolution
		Debug|Any CPU = Debug|Any CPU
		Debug|x64 = Debug|x64
		Debug|x86 = Debug|x86
		Release|Any CPU = Release|Any CPU
		Release|x64 = Release|x64
		Release|x86 = Release|x86
	EndGlobalSection
	GlobalSection(ProjectConfigurationPlatforms) = postSolution
		{F3B77D16-B94A-41A0-9367-75347FA55EB9}.Debug|Any CPU.ActiveCfg = Debug|Any CPU
		{F3B77D16-B94A-41A0-9367-75347FA55EB9}.Debug|Any CPU.Build.0 = Debug|Any CPU
		{F3B77D16-B94A-41A0-9367-75347FA55EB9}.Debug|x64.ActiveCfg = Debug|Any CPU
		{F3B77D16-B94A-41A0-9367-75347FA55EB9}.Debug|x64.Build.0 = Debug|Any CPU
		{F3B77D16-B94A-41A0-9367-75347FA55EB9}.Debug|x86.ActiveCfg = Debug|Any CPU
		{F3B77D16-B94A-41A0-9367-75347FA55EB9}.Debug|x86.Build.0 = Debug|Any CPU
		{F3B77D16-B94A-41A0-9367-75347FA55EB9}.Release|Any CPU.ActiveCfg = Release|Any CPU
		{F3B77D16-B94A-41A0-9367-75347FA55EB9}.Release|Any CPU.Build.0 = Release|Any CPU
		{F3B77D16-B94A-41A0-9367-75347FA55EB9}.Release|x64.ActiveCfg = Release|Any CPU
		{F3B77D16-B94A-41A0-9367-75347FA55EB9}.Release|x64.Build.0 = Release|Any CPU
		{F3B77D16-B94A-41A0-9367-75347FA55EB9}.Release|x86.ActiveCfg = Release|Any CPU
		{F3B77D16-B94A-41A0-9367-75347FA55EB9}.Release|x86.Build.0 = Release|Any CPU
		{565D55C8-7DF8-40E9-AA23-0546471FDE33}.Debug|Any CPU.ActiveCfg = Debug|Any CPU
		{565D55C8-7DF8-40E9-AA23-0546471FDE33}.Debug|Any CPU.Build.0 = Debug|Any CPU
		{565D55C8-7DF8-40E9-AA23-0546471FDE33}.Debug|x64.ActiveCfg = Debug|Any CPU
		{565D55C8-7DF8-40E9-AA23-0546471FDE33}.Debug|x64.Build.0 = Debug|Any CPU
		{565D55C8-7DF8-40E9-AA23-0546471FDE33}.Debug|x86.ActiveCfg = Debug|Any CPU
		{565D55C8-7DF8-40E9-AA23-0546471FDE33}.Debug|x86.Build.0 = Debug|Any CPU
		{565D55C8-7DF8-40E9-AA23-0546471FDE33}.Release|Any CPU.ActiveCfg = Release|Any CPU
		{565D55C8-7DF8-40E9-AA23-0546471FDE33}.Release|Any CPU.Build.0 = Release|Any CPU
		{565D55C8-7DF8-40E9-AA23-0546471FDE33}.Release|x64.ActiveCfg = Release|Any CPU
		{565D55C8-7DF8-40E9-AA23-0546471FDE33}.Release|x64.Build.0 = Release|Any CPU
		{565D55C8-7DF8-40E9-AA23-0546471FDE33}.Release|x86.ActiveCfg = Release|Any CPU
		{565D55C8-7DF8-40E9-AA23-0546471FDE33}.Release|x86.Build.0 = Release|Any CPU
		{84330500-5BFC-4036-B114-7E3548B5041E}.Debug|Any CPU.ActiveCfg = Debug|Any CPU
		{84330500-5BFC-4036-B114-7E3548B5041E}.Debug|Any CPU.Build.0 = Debug|Any CPU
		{84330500-5BFC-4036-B114-7E3548B5041E}.Debug|x64.ActiveCfg = Debug|Any CPU
		{84330500-5BFC-4036-B114-7E3548B5041E}.Debug|x64.Build.0 = Debug|Any CPU
		{84330500-5BFC-4036-B114-7E3548B5041E}.Debug|x86.ActiveCfg = Debug|Any CPU
		{84330500-5BFC-4036-B114-7E3548B5041E}.Debug|x86.Build.0 = Debug|Any CPU
		{84330500-5BFC-4036-B114-7E3548B5041E}.Release|Any CPU.ActiveCfg = Release|Any CPU
		{84330500-5BFC-4036-B114-7E3548B5041E}.Release|Any CPU.Build.0 = Release|Any CPU
		{84330500-5BFC-4036-B114-7E3548B5041E}.Release|x64.ActiveCfg = Release|Any CPU
		{84330500-5BFC-4036-B114-7E3548B5041E}.Release|x64.Build.0 = Release|Any CPU
		{84330500-5BFC-4036-B114-7E3548B5041E}.Release|x86.ActiveCfg = Release|Any CPU
		{84330500-5BFC-4036-B114-7E3548B5041E}.Release|x86.Build.0 = Release|Any CPU
		{79752499-45B7-451F-BF6E-6D16B1F4426C}.Debug|Any CPU.ActiveCfg = Debug|Any CPU
		{79752499-45B7-451F-BF6E-6D16B1F4426C}.Debug|Any CPU.Build.0 = Debug|Any CPU
		{79752499-45B7-451F-BF6E-6D16B1F4426C}.Debug|x64.ActiveCfg = Debug|Any CPU
		{79752499-45B7-451F-BF6E-6D16B1F4426C}.Debug|x64.Build.0 = Debug|Any CPU
		{79752499-45B7-451F-BF6E-6D16B1F4426C}.Debug|x86.ActiveCfg = Debug|Any CPU
		{79752499-45B7-451F-BF6E-6D16B1F4426C}.Debug|x86.Build.0 = Debug|Any CPU
		{79752499-45B7-451F-BF6E-6D16B1F4426C}.Release|Any CPU.ActiveCfg = Release|Any CPU
		{79752499-45B7-451F-BF6E-6D16B1F4426C}.Release|Any CPU.Build.0 = Release|Any CPU
		{79752499-45B7-451F-BF6E-6D16B1F4426C}.Release|x64.ActiveCfg = Release|Any CPU
		{79752499-45B7-451F-BF6E-6D16B1F4426C}.Release|x64.Build.0 = Release|Any CPU
		{79752499-45B7-451F-BF6E-6D16B1F4426C}.Release|x86.ActiveCfg = Release|Any CPU
		{79752499-45B7-451F-BF6E-6D16B1F4426C}.Release|x86.Build.0 = Release|Any CPU
		{04E1878E-816E-4426-BF5A-6D923A277297}.Debug|Any CPU.ActiveCfg = Debug|Any CPU
		{04E1878E-816E-4426-BF5A-6D923A277297}.Debug|Any CPU.Build.0 = Debug|Any CPU
		{04E1878E-816E-4426-BF5A-6D923A277297}.Debug|x64.ActiveCfg = Debug|Any CPU
		{04E1878E-816E-4426-BF5A-6D923A277297}.Debug|x64.Build.0 = Debug|Any CPU
		{04E1878E-816E-4426-BF5A-6D923A277297}.Debug|x86.ActiveCfg = Debug|Any CPU
		{04E1878E-816E-4426-BF5A-6D923A277297}.Debug|x86.Build.0 = Debug|Any CPU
		{04E1878E-816E-4426-BF5A-6D923A277297}.Release|Any CPU.ActiveCfg = Release|Any CPU
		{04E1878E-816E-4426-BF5A-6D923A277297}.Release|Any CPU.Build.0 = Release|Any CPU
		{04E1878E-816E-4426-BF5A-6D923A277297}.Release|x64.ActiveCfg = Release|Any CPU
		{04E1878E-816E-4426-BF5A-6D923A277297}.Release|x64.Build.0 = Release|Any CPU
		{04E1878E-816E-4426-BF5A-6D923A277297}.Release|x86.ActiveCfg = Release|Any CPU
		{04E1878E-816E-4426-BF5A-6D923A277297}.Release|x86.Build.0 = Release|Any CPU
		{CF46AD26-501F-46EA-A82D-566ABCDBB9E3}.Debug|Any CPU.ActiveCfg = Debug|Any CPU
		{CF46AD26-501F-46EA-A82D-566ABCDBB9E3}.Debug|Any CPU.Build.0 = Debug|Any CPU
		{CF46AD26-501F-46EA-A82D-566ABCDBB9E3}.Debug|x64.ActiveCfg = Debug|Any CPU
		{CF46AD26-501F-46EA-A82D-566ABCDBB9E3}.Debug|x64.Build.0 = Debug|Any CPU
		{CF46AD26-501F-46EA-A82D-566ABCDBB9E3}.Debug|x86.ActiveCfg = Debug|Any CPU
		{CF46AD26-501F-46EA-A82D-566ABCDBB9E3}.Debug|x86.Build.0 = Debug|Any CPU
		{CF46AD26-501F-46EA-A82D-566ABCDBB9E3}.Release|Any CPU.ActiveCfg = Release|Any CPU
		{CF46AD26-501F-46EA-A82D-566ABCDBB9E3}.Release|Any CPU.Build.0 = Release|Any CPU
		{CF46AD26-501F-46EA-A82D-566ABCDBB9E3}.Release|x64.ActiveCfg = Release|Any CPU
		{CF46AD26-501F-46EA-A82D-566ABCDBB9E3}.Release|x64.Build.0 = Release|Any CPU
		{CF46AD26-501F-46EA-A82D-566ABCDBB9E3}.Release|x86.ActiveCfg = Release|Any CPU
		{CF46AD26-501F-46EA-A82D-566ABCDBB9E3}.Release|x86.Build.0 = Release|Any CPU
	EndGlobalSection
	GlobalSection(SolutionProperties) = preSolution
		HideSolutionNode = FALSE
	EndGlobalSection
	GlobalSection(NestedProjects) = preSolution
		{5AC54C48-50A0-15AE-14D6-55097B60C0E3} = {7226ABEA-787E-1D09-10EA-A2ECF996D6A6}
		{565D55C8-7DF8-40E9-AA23-0546471FDE33} = {5AC54C48-50A0-15AE-14D6-55097B60C0E3}
		{33C8E382-1779-E947-0ABC-4D7F8F7F835B} = {7226ABEA-787E-1D09-10EA-A2ECF996D6A6}
		{84330500-5BFC-4036-B114-7E3548B5041E} = {33C8E382-1779-E947-0ABC-4D7F8F7F835B}
		{79752499-45B7-451F-BF6E-6D16B1F4426C} = {881589EE-639B-0A35-DBCE-5D94E4FC90C0}
		{04E1878E-816E-4426-BF5A-6D923A277297} = {881589EE-639B-0A35-DBCE-5D94E4FC90C0}
		{CF46AD26-501F-46EA-A82D-566ABCDBB9E3} = {881589EE-639B-0A35-DBCE-5D94E4FC90C0}
	EndGlobalSection
EndGlobal
